
Microsoft Visual Studio Solution File, Format Version 12.00
# Visual Studio 15
VisualStudioVersion = 15.0.26730.16
MinimumVisualStudioVersion = 10.0.40219.1
Project("{2150E333-8FDC-42A3-9474-1A3956D46DE8}") = "Engine", "Engine", "{1DBB4BB9-182A-4C0C-928D-8833815C3D6E}"
EndProject
Project("{2150E333-8FDC-42A3-9474-1A3956D46DE8}") = "Games", "Games", "{889FF32F-8CC4-4988-9955-1F5DE0A2166F}"
EndProject
Project("{8BC9CEB8-8B4A-11D0-8D11-00A0C91BC942}") = "UE4", "Intermediate\ProjectFiles\UE4.vcxproj", "{366AF8E7-C6A4-46E1-9EE2-3287598E00BF}"
EndProject
Project("{8BC9CEB8-8B4A-11D0-8D11-00A0C91BC942}") = "BuildingEscape", "Intermediate\ProjectFiles\BuildingEscape.vcxproj", "{1E349994-3A75-4C7B-9D34-28C6AEF9571F}"
EndProject
Global
	GlobalSection(SolutionConfigurationPlatforms) = preSolution
		DebugGame Editor|HTML5 = DebugGame Editor|HTML5
		DebugGame Editor|IOS = DebugGame Editor|IOS
		DebugGame Editor|Win32 = DebugGame Editor|Win32
		DebugGame Editor|Win64 = DebugGame Editor|Win64
		DebugGame|HTML5 = DebugGame|HTML5
		DebugGame|IOS = DebugGame|IOS
		DebugGame|Win32 = DebugGame|Win32
		DebugGame|Win64 = DebugGame|Win64
		Development Editor|HTML5 = Development Editor|HTML5
		Development Editor|IOS = Development Editor|IOS
		Development Editor|Win32 = Development Editor|Win32
		Development Editor|Win64 = Development Editor|Win64
		Development|HTML5 = Development|HTML5
		Development|IOS = Development|IOS
		Development|Win32 = Development|Win32
		Development|Win64 = Development|Win64
		Shipping|HTML5 = Shipping|HTML5
		Shipping|IOS = Shipping|IOS
		Shipping|Win32 = Shipping|Win32
		Shipping|Win64 = Shipping|Win64
	EndGlobalSection
	GlobalSection(ProjectConfigurationPlatforms) = postSolution
		{366AF8E7-C6A4-46E1-9EE2-3287598E00BF}.DebugGame Editor|HTML5.ActiveCfg = BuiltWithUnrealBuildTool|Win32
		{366AF8E7-C6A4-46E1-9EE2-3287598E00BF}.DebugGame Editor|HTML5.Build.0 = BuiltWithUnrealBuildTool|Win32
		{366AF8E7-C6A4-46E1-9EE2-3287598E00BF}.DebugGame Editor|IOS.ActiveCfg = BuiltWithUnrealBuildTool|Win32
		{366AF8E7-C6A4-46E1-9EE2-3287598E00BF}.DebugGame Editor|IOS.Build.0 = BuiltWithUnrealBuildTool|Win32
		{366AF8E7-C6A4-46E1-9EE2-3287598E00BF}.DebugGame Editor|Win32.ActiveCfg = BuiltWithUnrealBuildTool|Win32
		{366AF8E7-C6A4-46E1-9EE2-3287598E00BF}.DebugGame Editor|Win32.Build.0 = BuiltWithUnrealBuildTool|Win32
		{366AF8E7-C6A4-46E1-9EE2-3287598E00BF}.DebugGame Editor|Win64.ActiveCfg = BuiltWithUnrealBuildTool|Win32
		{366AF8E7-C6A4-46E1-9EE2-3287598E00BF}.DebugGame Editor|Win64.Build.0 = BuiltWithUnrealBuildTool|Win32
		{366AF8E7-C6A4-46E1-9EE2-3287598E00BF}.DebugGame|HTML5.ActiveCfg = BuiltWithUnrealBuildTool|Win32
		{366AF8E7-C6A4-46E1-9EE2-3287598E00BF}.DebugGame|HTML5.Build.0 = BuiltWithUnrealBuildTool|Win32
		{366AF8E7-C6A4-46E1-9EE2-3287598E00BF}.DebugGame|IOS.ActiveCfg = BuiltWithUnrealBuildTool|Win32
		{366AF8E7-C6A4-46E1-9EE2-3287598E00BF}.DebugGame|IOS.Build.0 = BuiltWithUnrealBuildTool|Win32
		{366AF8E7-C6A4-46E1-9EE2-3287598E00BF}.DebugGame|Win32.ActiveCfg = BuiltWithUnrealBuildTool|Win32
		{366AF8E7-C6A4-46E1-9EE2-3287598E00BF}.DebugGame|Win32.Build.0 = BuiltWithUnrealBuildTool|Win32
		{366AF8E7-C6A4-46E1-9EE2-3287598E00BF}.DebugGame|Win64.ActiveCfg = BuiltWithUnrealBuildTool|Win32
		{366AF8E7-C6A4-46E1-9EE2-3287598E00BF}.DebugGame|Win64.Build.0 = BuiltWithUnrealBuildTool|Win32
		{366AF8E7-C6A4-46E1-9EE2-3287598E00BF}.Development Editor|HTML5.ActiveCfg = BuiltWithUnrealBuildTool|Win32
		{366AF8E7-C6A4-46E1-9EE2-3287598E00BF}.Development Editor|HTML5.Build.0 = BuiltWithUnrealBuildTool|Win32
		{366AF8E7-C6A4-46E1-9EE2-3287598E00BF}.Development Editor|IOS.ActiveCfg = BuiltWithUnrealBuildTool|Win32
		{366AF8E7-C6A4-46E1-9EE2-3287598E00BF}.Development Editor|IOS.Build.0 = BuiltWithUnrealBuildTool|Win32
		{366AF8E7-C6A4-46E1-9EE2-3287598E00BF}.Development Editor|Win32.ActiveCfg = BuiltWithUnrealBuildTool|Win32
		{366AF8E7-C6A4-46E1-9EE2-3287598E00BF}.Development Editor|Win32.Build.0 = BuiltWithUnrealBuildTool|Win32
		{366AF8E7-C6A4-46E1-9EE2-3287598E00BF}.Development Editor|Win64.ActiveCfg = BuiltWithUnrealBuildTool|Win32
		{366AF8E7-C6A4-46E1-9EE2-3287598E00BF}.Development Editor|Win64.Build.0 = BuiltWithUnrealBuildTool|Win32
		{366AF8E7-C6A4-46E1-9EE2-3287598E00BF}.Development|HTML5.ActiveCfg = BuiltWithUnrealBuildTool|Win32
		{366AF8E7-C6A4-46E1-9EE2-3287598E00BF}.Development|HTML5.Build.0 = BuiltWithUnrealBuildTool|Win32
		{366AF8E7-C6A4-46E1-9EE2-3287598E00BF}.Development|IOS.ActiveCfg = BuiltWithUnrealBuildTool|Win32
		{366AF8E7-C6A4-46E1-9EE2-3287598E00BF}.Development|IOS.Build.0 = BuiltWithUnrealBuildTool|Win32
		{366AF8E7-C6A4-46E1-9EE2-3287598E00BF}.Development|Win32.ActiveCfg = BuiltWithUnrealBuildTool|Win32
		{366AF8E7-C6A4-46E1-9EE2-3287598E00BF}.Development|Win32.Build.0 = BuiltWithUnrealBuildTool|Win32
		{366AF8E7-C6A4-46E1-9EE2-3287598E00BF}.Development|Win64.ActiveCfg = BuiltWithUnrealBuildTool|Win32
		{366AF8E7-C6A4-46E1-9EE2-3287598E00BF}.Development|Win64.Build.0 = BuiltWithUnrealBuildTool|Win32
		{366AF8E7-C6A4-46E1-9EE2-3287598E00BF}.Shipping|HTML5.ActiveCfg = BuiltWithUnrealBuildTool|Win32
		{366AF8E7-C6A4-46E1-9EE2-3287598E00BF}.Shipping|HTML5.Build.0 = BuiltWithUnrealBuildTool|Win32
		{366AF8E7-C6A4-46E1-9EE2-3287598E00BF}.Shipping|IOS.ActiveCfg = BuiltWithUnrealBuildTool|Win32
		{366AF8E7-C6A4-46E1-9EE2-3287598E00BF}.Shipping|IOS.Build.0 = BuiltWithUnrealBuildTool|Win32
		{366AF8E7-C6A4-46E1-9EE2-3287598E00BF}.Shipping|Win32.ActiveCfg = BuiltWithUnrealBuildTool|Win32
		{366AF8E7-C6A4-46E1-9EE2-3287598E00BF}.Shipping|Win32.Build.0 = BuiltWithUnrealBuildTool|Win32
		{366AF8E7-C6A4-46E1-9EE2-3287598E00BF}.Shipping|Win64.ActiveCfg = BuiltWithUnrealBuildTool|Win32
		{366AF8E7-C6A4-46E1-9EE2-3287598E00BF}.Shipping|Win64.Build.0 = BuiltWithUnrealBuildTool|Win32
		{1E349994-3A75-4C7B-9D34-28C6AEF9571F}.DebugGame Editor|HTML5.ActiveCfg = HTML5_DebugGame_Editor|Win32
		{1E349994-3A75-4C7B-9D34-28C6AEF9571F}.DebugGame Editor|IOS.ActiveCfg = IOS_DebugGame_Editor|Win32
		{1E349994-3A75-4C7B-9D34-28C6AEF9571F}.DebugGame Editor|Win32.ActiveCfg = DebugGame_Editor|Win32
		{1E349994-3A75-4C7B-9D34-28C6AEF9571F}.DebugGame Editor|Win64.ActiveCfg = DebugGame_Editor|x64
		{1E349994-3A75-4C7B-9D34-28C6AEF9571F}.DebugGame Editor|Win64.Build.0 = DebugGame_Editor|x64
		{1E349994-3A75-4C7B-9D34-28C6AEF9571F}.DebugGame|HTML5.ActiveCfg = HTML5_DebugGame_Game|Win32
		{1E349994-3A75-4C7B-9D34-28C6AEF9571F}.DebugGame|HTML5.Build.0 = HTML5_DebugGame_Game|Win32
		{1E349994-3A75-4C7B-9D34-28C6AEF9571F}.DebugGame|IOS.ActiveCfg = IOS_DebugGame_Game|Win32
		{1E349994-3A75-4C7B-9D34-28C6AEF9571F}.DebugGame|IOS.Build.0 = IOS_DebugGame_Game|Win32
		{1E349994-3A75-4C7B-9D34-28C6AEF9571F}.DebugGame|Win32.ActiveCfg = DebugGame_Game|Win32
		{1E349994-3A75-4C7B-9D34-28C6AEF9571F}.DebugGame|Win32.Build.0 = DebugGame_Game|Win32
		{1E349994-3A75-4C7B-9D34-28C6AEF9571F}.DebugGame|Win64.ActiveCfg = DebugGame_Game|x64
		{1E349994-3A75-4C7B-9D34-28C6AEF9571F}.DebugGame|Win64.Build.0 = DebugGame_Game|x64
		{1E349994-3A75-4C7B-9D34-28C6AEF9571F}.Development Editor|HTML5.ActiveCfg = HTML5_Development_Editor|Win32
		{1E349994-3A75-4C7B-9D34-28C6AEF9571F}.Development Editor|IOS.ActiveCfg = IOS_Development_Editor|Win32
		{1E349994-3A75-4C7B-9D34-28C6AEF9571F}.Development Editor|Win32.ActiveCfg = Development_Editor|Win32
		{1E349994-3A75-4C7B-9D34-28C6AEF9571F}.Development Editor|Win64.ActiveCfg = Development_Editor|x64
		{1E349994-3A75-4C7B-9D34-28C6AEF9571F}.Development Editor|Win64.Build.0 = Development_Editor|x64
		{1E349994-3A75-4C7B-9D34-28C6AEF9571F}.Development|HTML5.ActiveCfg = HTML5_Development_Game|Win32
		{1E349994-3A75-4C7B-9D34-28C6AEF9571F}.Development|HTML5.Build.0 = HTML5_Development_Game|Win32
		{1E349994-3A75-4C7B-9D34-28C6AEF9571F}.Development|IOS.ActiveCfg = IOS_Development_Game|Win32
		{1E349994-3A75-4C7B-9D34-28C6AEF9571F}.Development|IOS.Build.0 = IOS_Development_Game|Win32
		{1E349994-3A75-4C7B-9D34-28C6AEF9571F}.Development|Win32.ActiveCfg = Development_Game|Win32
		{1E349994-3A75-4C7B-9D34-28C6AEF9571F}.Development|Win32.Build.0 = Development_Game|Win32
		{1E349994-3A75-4C7B-9D34-28C6AEF9571F}.Development|Win64.ActiveCfg = Development_Game|x64
		{1E349994-3A75-4C7B-9D34-28C6AEF9571F}.Development|Win64.Build.0 = Development_Game|x64
		{1E349994-3A75-4C7B-9D34-28C6AEF9571F}.Shipping|HTML5.ActiveCfg = HTML5_Shipping_Game|Win32
		{1E349994-3A75-4C7B-9D34-28C6AEF9571F}.Shipping|HTML5.Build.0 = HTML5_Shipping_Game|Win32
		{1E349994-3A75-4C7B-9D34-28C6AEF9571F}.Shipping|IOS.ActiveCfg = IOS_Shipping_Game|Win32
		{1E349994-3A75-4C7B-9D34-28C6AEF9571F}.Shipping|IOS.Build.0 = IOS_Shipping_Game|Win32
		{1E349994-3A75-4C7B-9D34-28C6AEF9571F}.Shipping|Win32.ActiveCfg = Shipping_Game|Win32
		{1E349994-3A75-4C7B-9D34-28C6AEF9571F}.Shipping|Win32.Build.0 = Shipping_Game|Win32
		{1E349994-3A75-4C7B-9D34-28C6AEF9571F}.Shipping|Win64.ActiveCfg = Shipping_Game|x64
		{1E349994-3A75-4C7B-9D34-28C6AEF9571F}.Shipping|Win64.Build.0 = Shipping_Game|x64
	EndGlobalSection
	GlobalSection(SolutionProperties) = preSolution
		HideSolutionNode = FALSE
	EndGlobalSection
	GlobalSection(NestedProjects) = preSolution
		{366AF8E7-C6A4-46E1-9EE2-3287598E00BF} = {1DBB4BB9-182A-4C0C-928D-8833815C3D6E}
		{1E349994-3A75-4C7B-9D34-28C6AEF9571F} = {889FF32F-8CC4-4988-9955-1F5DE0A2166F}
	EndGlobalSection
	GlobalSection(ExtensibilityGlobals) = postSolution
		SolutionGuid = {D4067D3D-4222-4B3B-B072-28DDE30D6C38}
	EndGlobalSection
EndGlobal
